// !$*UTF8*$!
{
	archiveVersion = 1;
	classes = {
	};
	objectVersion = 46;
	objects = {

/* Begin PBXBuildFile section */
		3206DF4C1D25860800DC1596 /* PostTableViewCell.swift in Sources */ = {isa = PBXBuildFile; fileRef = 3206DF4B1D25860800DC1596 /* PostTableViewCell.swift */; };
		3206DF4F1D25868400DC1596 /* FriendSearchTableViewCell.swift in Sources */ = {isa = PBXBuildFile; fileRef = 3206DF4E1D25868400DC1596 /* FriendSearchTableViewCell.swift */; };
		320B04D31D22DABF00E686AB /* AppDelegate.swift in Sources */ = {isa = PBXBuildFile; fileRef = 320B04B61D22DABF00E686AB /* AppDelegate.swift */; };
		320B04D41D22DABF00E686AB /* LaunchScreen.xib in Resources */ = {isa = PBXBuildFile; fileRef = 320B04B71D22DABF00E686AB /* LaunchScreen.xib */; };
		320B04D51D22DABF00E686AB /* Main.storyboard in Resources */ = {isa = PBXBuildFile; fileRef = 320B04B91D22DABF00E686AB /* Main.storyboard */; };
		320B04D61D22DABF00E686AB /* ErrorHandling.swift in Sources */ = {isa = PBXBuildFile; fileRef = 320B04BC1D22DABF00E686AB /* ErrorHandling.swift */; };
		320B04D71D22DABF00E686AB /* ParseLoginHelper.swift in Sources */ = {isa = PBXBuildFile; fileRef = 320B04BD1D22DABF00E686AB /* ParseLoginHelper.swift */; };
		320B04D81D22DABF00E686AB /* Images.xcassets in Resources */ = {isa = PBXBuildFile; fileRef = 320B04BE1D22DABF00E686AB /* Images.xcassets */; };
		320B04D91D22DABF00E686AB /* Info.plist in Resources */ = {isa = PBXBuildFile; fileRef = 320B04BF1D22DABF00E686AB /* Info.plist */; };
		320B04DA1D22DABF00E686AB /* PhotoTakingHelper.swift in Sources */ = {isa = PBXBuildFile; fileRef = 320B04C31D22DABF00E686AB /* PhotoTakingHelper.swift */; };
		320B04DB1D22DABF00E686AB /* Filter.swift in Sources */ = {isa = PBXBuildFile; fileRef = 320B04C61D22DABF00E686AB /* Filter.swift */; };
		320B04DC1D22DABF00E686AB /* FilterCollectionViewCell.swift in Sources */ = {isa = PBXBuildFile; fileRef = 320B04C71D22DABF00E686AB /* FilterCollectionViewCell.swift */; };
		320B04DD1D22DABF00E686AB /* FilterCollectionViewCell.xib in Resources */ = {isa = PBXBuildFile; fileRef = 320B04C81D22DABF00E686AB /* FilterCollectionViewCell.xib */; };
		320B04DE1D22DABF00E686AB /* filter_normal.png in Resources */ = {isa = PBXBuildFile; fileRef = 320B04CA1D22DABF00E686AB /* filter_normal.png */; };
		320B04DF1D22DABF00E686AB /* filter_sepia.png in Resources */ = {isa = PBXBuildFile; fileRef = 320B04CB1D22DABF00E686AB /* filter_sepia.png */; };
		320B04E01D22DABF00E686AB /* filter_vibrant.png in Resources */ = {isa = PBXBuildFile; fileRef = 320B04CC1D22DABF00E686AB /* filter_vibrant.png */; };
		320B04E11D22DABF00E686AB /* filter_vignette.png in Resources */ = {isa = PBXBuildFile; fileRef = 320B04CD1D22DABF00E686AB /* filter_vignette.png */; };
		320B04E21D22DABF00E686AB /* FilterViewController.swift in Sources */ = {isa = PBXBuildFile; fileRef = 320B04CE1D22DABF00E686AB /* FilterViewController.swift */; };
		320B04E31D22DABF00E686AB /* FilterViewController.xib in Resources */ = {isa = PBXBuildFile; fileRef = 320B04CF1D22DABF00E686AB /* FilterViewController.xib */; };
		320B04E41D22DABF00E686AB /* FriendSearchViewController.swift in Sources */ = {isa = PBXBuildFile; fileRef = 320B04D01D22DABF00E686AB /* FriendSearchViewController.swift */; };
		320B04E51D22DABF00E686AB /* PhotoViewController.swift in Sources */ = {isa = PBXBuildFile; fileRef = 320B04D11D22DABF00E686AB /* PhotoViewController.swift */; };
		320B04E61D22DABF00E686AB /* TimelineViewController.swift in Sources */ = {isa = PBXBuildFile; fileRef = 320B04D21D22DABF00E686AB /* TimelineViewController.swift */; };
		320B04EA1D22DD5E00E686AB /* Post.swift in Sources */ = {isa = PBXBuildFile; fileRef = 320B04E91D22DD5E00E686AB /* Post.swift */; };
		320B05101D23256500E686AB /* ParseHelper.swift in Sources */ = {isa = PBXBuildFile; fileRef = 320B050F1D23256500E686AB /* ParseHelper.swift */; };
		4ABD67414894F7C6603B1382 /* Pods_Makestagram.framework in Frameworks */ = {isa = PBXBuildFile; fileRef = 25A7A32A604D20303EAB993B /* Pods_Makestagram.framework */; };
		62551B961B06C2F5000913E4 /* Social.framework in Frameworks */ = {isa = PBXBuildFile; fileRef = 62551B951B06C2F5000913E4 /* Social.framework */; };
		62551B981B06C2FD000913E4 /* Accounts.framework in Frameworks */ = {isa = PBXBuildFile; fileRef = 62551B971B06C2FD000913E4 /* Accounts.framework */; };
		62551B9A1B06C31F000913E4 /* CoreLocation.framework in Frameworks */ = {isa = PBXBuildFile; fileRef = 62551B991B06C31F000913E4 /* CoreLocation.framework */; };
		62551B9C1B06C327000913E4 /* SystemConfiguration.framework in Frameworks */ = {isa = PBXBuildFile; fileRef = 62551B9B1B06C327000913E4 /* SystemConfiguration.framework */; };
		62551B9E1B06C354000913E4 /* MobileCoreServices.framework in Frameworks */ = {isa = PBXBuildFile; fileRef = 62551B9D1B06C354000913E4 /* MobileCoreServices.framework */; };
		62551BA01B06C35B000913E4 /* AudioToolbox.framework in Frameworks */ = {isa = PBXBuildFile; fileRef = 62551B9F1B06C35B000913E4 /* AudioToolbox.framework */; };
		62551BA21B06C373000913E4 /* libsqlite3.dylib in Frameworks */ = {isa = PBXBuildFile; fileRef = 62551BA11B06C373000913E4 /* libsqlite3.dylib */; };
		62A07D661B1F79F2001F6916 /* libstdc++.6.dylib in Frameworks */ = {isa = PBXBuildFile; fileRef = 62A07D651B1F79F2001F6916 /* libstdc++.6.dylib */; };
		62C8C1FC1B06BD6500DC3EA7 /* MakestagramTests.swift in Sources */ = {isa = PBXBuildFile; fileRef = 62C8C1FB1B06BD6500DC3EA7 /* MakestagramTests.swift */; };
		EB3565565E1940C1DDEC521C /* Pods_MakestagramTests.framework in Frameworks */ = {isa = PBXBuildFile; fileRef = 5D13A2988E8AC5E3E26F7F3F /* Pods_MakestagramTests.framework */; };
/* End PBXBuildFile section */

/* Begin PBXContainerItemProxy section */
		62C8C1F61B06BD6500DC3EA7 /* PBXContainerItemProxy */ = {
			isa = PBXContainerItemProxy;
			containerPortal = 62C8C1D81B06BD6500DC3EA7 /* Project object */;
			proxyType = 1;
			remoteGlobalIDString = 62C8C1DF1B06BD6500DC3EA7;
			remoteInfo = Makestagram;
		};
/* End PBXContainerItemProxy section */

/* Begin PBXCopyFilesBuildPhase section */
		62A07D1C1B1E56C2001F6916 /* Embed Frameworks */ = {
			isa = PBXCopyFilesBuildPhase;
			buildActionMask = 2147483647;
			dstPath = "";
			dstSubfolderSpec = 10;
			files = (
			);
			name = "Embed Frameworks";
			runOnlyForDeploymentPostprocessing = 0;
		};
/* End PBXCopyFilesBuildPhase section */

/* Begin PBXFileReference section */
		1C0ACBB53BB6387D37030270 /* Pods-MakestagramTests.debug.xcconfig */ = {isa = PBXFileReference; includeInIndex = 1; lastKnownFileType = text.xcconfig; name = "Pods-MakestagramTests.debug.xcconfig"; path = "Pods/Target Support Files/Pods-MakestagramTests/Pods-MakestagramTests.debug.xcconfig"; sourceTree = "<group>"; };
		25A7A32A604D20303EAB993B /* Pods_Makestagram.framework */ = {isa = PBXFileReference; explicitFileType = wrapper.framework; includeInIndex = 0; path = Pods_Makestagram.framework; sourceTree = BUILT_PRODUCTS_DIR; };
		3206DF4B1D25860800DC1596 /* PostTableViewCell.swift */ = {isa = PBXFileReference; fileEncoding = 4; lastKnownFileType = sourcecode.swift; path = PostTableViewCell.swift; sourceTree = "<group>"; };
		3206DF4E1D25868400DC1596 /* FriendSearchTableViewCell.swift */ = {isa = PBXFileReference; fileEncoding = 4; lastKnownFileType = sourcecode.swift; path = FriendSearchTableViewCell.swift; sourceTree = "<group>"; };
		320B04B61D22DABF00E686AB /* AppDelegate.swift */ = {isa = PBXFileReference; fileEncoding = 4; lastKnownFileType = sourcecode.swift; path = AppDelegate.swift; sourceTree = "<group>"; };
		320B04B81D22DABF00E686AB /* Base */ = {isa = PBXFileReference; lastKnownFileType = file.xib; name = Base; path = Base.lproj/LaunchScreen.xib; sourceTree = "<group>"; };
		320B04BA1D22DABF00E686AB /* Base */ = {isa = PBXFileReference; lastKnownFileType = file.storyboard; name = Base; path = Base.lproj/Main.storyboard; sourceTree = "<group>"; };
		320B04BC1D22DABF00E686AB /* ErrorHandling.swift */ = {isa = PBXFileReference; fileEncoding = 4; lastKnownFileType = sourcecode.swift; path = ErrorHandling.swift; sourceTree = "<group>"; };
		320B04BD1D22DABF00E686AB /* ParseLoginHelper.swift */ = {isa = PBXFileReference; fileEncoding = 4; lastKnownFileType = sourcecode.swift; path = ParseLoginHelper.swift; sourceTree = "<group>"; };
		320B04BE1D22DABF00E686AB /* Images.xcassets */ = {isa = PBXFileReference; lastKnownFileType = folder.assetcatalog; path = Images.xcassets; sourceTree = "<group>"; };
		320B04BF1D22DABF00E686AB /* Info.plist */ = {isa = PBXFileReference; fileEncoding = 4; lastKnownFileType = text.plist.xml; path = Info.plist; sourceTree = "<group>"; };
		320B04C01D22DABF00E686AB /* Makestagram-Bridging-Header.h */ = {isa = PBXFileReference; fileEncoding = 4; lastKnownFileType = sourcecode.c.h; path = "Makestagram-Bridging-Header.h"; sourceTree = "<group>"; };
		320B04C31D22DABF00E686AB /* PhotoTakingHelper.swift */ = {isa = PBXFileReference; fileEncoding = 4; lastKnownFileType = sourcecode.swift; path = PhotoTakingHelper.swift; sourceTree = "<group>"; };
		320B04C61D22DABF00E686AB /* Filter.swift */ = {isa = PBXFileReference; fileEncoding = 4; lastKnownFileType = sourcecode.swift; path = Filter.swift; sourceTree = "<group>"; };
		320B04C71D22DABF00E686AB /* FilterCollectionViewCell.swift */ = {isa = PBXFileReference; fileEncoding = 4; lastKnownFileType = sourcecode.swift; path = FilterCollectionViewCell.swift; sourceTree = "<group>"; };
		320B04C81D22DABF00E686AB /* FilterCollectionViewCell.xib */ = {isa = PBXFileReference; fileEncoding = 4; lastKnownFileType = file.xib; path = FilterCollectionViewCell.xib; sourceTree = "<group>"; };
		320B04CA1D22DABF00E686AB /* filter_normal.png */ = {isa = PBXFileReference; lastKnownFileType = image.png; path = filter_normal.png; sourceTree = "<group>"; };
		320B04CB1D22DABF00E686AB /* filter_sepia.png */ = {isa = PBXFileReference; lastKnownFileType = image.png; path = filter_sepia.png; sourceTree = "<group>"; };
		320B04CC1D22DABF00E686AB /* filter_vibrant.png */ = {isa = PBXFileReference; lastKnownFileType = image.png; path = filter_vibrant.png; sourceTree = "<group>"; };
		320B04CD1D22DABF00E686AB /* filter_vignette.png */ = {isa = PBXFileReference; lastKnownFileType = image.png; path = filter_vignette.png; sourceTree = "<group>"; };
		320B04CE1D22DABF00E686AB /* FilterViewController.swift */ = {isa = PBXFileReference; fileEncoding = 4; lastKnownFileType = sourcecode.swift; path = FilterViewController.swift; sourceTree = "<group>"; };
		320B04CF1D22DABF00E686AB /* FilterViewController.xib */ = {isa = PBXFileReference; fileEncoding = 4; lastKnownFileType = file.xib; path = FilterViewController.xib; sourceTree = "<group>"; };
		320B04D01D22DABF00E686AB /* FriendSearchViewController.swift */ = {isa = PBXFileReference; fileEncoding = 4; lastKnownFileType = sourcecode.swift; path = FriendSearchViewController.swift; sourceTree = "<group>"; };
		320B04D11D22DABF00E686AB /* PhotoViewController.swift */ = {isa = PBXFileReference; fileEncoding = 4; lastKnownFileType = sourcecode.swift; path = PhotoViewController.swift; sourceTree = "<group>"; };
		320B04D21D22DABF00E686AB /* TimelineViewController.swift */ = {isa = PBXFileReference; fileEncoding = 4; lastKnownFileType = sourcecode.swift; path = TimelineViewController.swift; sourceTree = "<group>"; };
		320B04E91D22DD5E00E686AB /* Post.swift */ = {isa = PBXFileReference; fileEncoding = 4; lastKnownFileType = sourcecode.swift; path = Post.swift; sourceTree = "<group>"; };
		320B050F1D23256500E686AB /* ParseHelper.swift */ = {isa = PBXFileReference; fileEncoding = 4; lastKnownFileType = sourcecode.swift; path = ParseHelper.swift; sourceTree = "<group>"; };
		5D13A2988E8AC5E3E26F7F3F /* Pods_MakestagramTests.framework */ = {isa = PBXFileReference; explicitFileType = wrapper.framework; includeInIndex = 0; path = Pods_MakestagramTests.framework; sourceTree = BUILT_PRODUCTS_DIR; };
		62551B951B06C2F5000913E4 /* Social.framework */ = {isa = PBXFileReference; lastKnownFileType = wrapper.framework; name = Social.framework; path = System/Library/Frameworks/Social.framework; sourceTree = SDKROOT; };
		62551B971B06C2FD000913E4 /* Accounts.framework */ = {isa = PBXFileReference; lastKnownFileType = wrapper.framework; name = Accounts.framework; path = System/Library/Frameworks/Accounts.framework; sourceTree = SDKROOT; };
		62551B991B06C31F000913E4 /* CoreLocation.framework */ = {isa = PBXFileReference; lastKnownFileType = wrapper.framework; name = CoreLocation.framework; path = System/Library/Frameworks/CoreLocation.framework; sourceTree = SDKROOT; };
		62551B9B1B06C327000913E4 /* SystemConfiguration.framework */ = {isa = PBXFileReference; lastKnownFileType = wrapper.framework; name = SystemConfiguration.framework; path = System/Library/Frameworks/SystemConfiguration.framework; sourceTree = SDKROOT; };
		62551B9D1B06C354000913E4 /* MobileCoreServices.framework */ = {isa = PBXFileReference; lastKnownFileType = wrapper.framework; name = MobileCoreServices.framework; path = System/Library/Frameworks/MobileCoreServices.framework; sourceTree = SDKROOT; };
		62551B9F1B06C35B000913E4 /* AudioToolbox.framework */ = {isa = PBXFileReference; lastKnownFileType = wrapper.framework; name = AudioToolbox.framework; path = System/Library/Frameworks/AudioToolbox.framework; sourceTree = SDKROOT; };
		62551BA11B06C373000913E4 /* libsqlite3.dylib */ = {isa = PBXFileReference; lastKnownFileType = "compiled.mach-o.dylib"; name = libsqlite3.dylib; path = usr/lib/libsqlite3.dylib; sourceTree = SDKROOT; };
		62A07D651B1F79F2001F6916 /* libstdc++.6.dylib */ = {isa = PBXFileReference; lastKnownFileType = "compiled.mach-o.dylib"; name = "libstdc++.6.dylib"; path = "usr/lib/libstdc++.6.dylib"; sourceTree = SDKROOT; };
		62C8C1E01B06BD6500DC3EA7 /* Makestagram.app */ = {isa = PBXFileReference; explicitFileType = wrapper.application; includeInIndex = 0; path = Makestagram.app; sourceTree = BUILT_PRODUCTS_DIR; };
		62C8C1F51B06BD6500DC3EA7 /* MakestagramTests.xctest */ = {isa = PBXFileReference; explicitFileType = wrapper.cfbundle; includeInIndex = 0; path = MakestagramTests.xctest; sourceTree = BUILT_PRODUCTS_DIR; };
		62C8C1FA1B06BD6500DC3EA7 /* Info.plist */ = {isa = PBXFileReference; lastKnownFileType = text.plist.xml; path = Info.plist; sourceTree = "<group>"; };
		62C8C1FB1B06BD6500DC3EA7 /* MakestagramTests.swift */ = {isa = PBXFileReference; lastKnownFileType = sourcecode.swift; path = MakestagramTests.swift; sourceTree = "<group>"; };
		7AB618C47569E59FEB8A867D /* Pods-Makestagram.debug.xcconfig */ = {isa = PBXFileReference; includeInIndex = 1; lastKnownFileType = text.xcconfig; name = "Pods-Makestagram.debug.xcconfig"; path = "Pods/Target Support Files/Pods-Makestagram/Pods-Makestagram.debug.xcconfig"; sourceTree = "<group>"; };
		81F4DA4F02FD557EB29E58B5 /* Pods-Makestagram.release.xcconfig */ = {isa = PBXFileReference; includeInIndex = 1; lastKnownFileType = text.xcconfig; name = "Pods-Makestagram.release.xcconfig"; path = "Pods/Target Support Files/Pods-Makestagram/Pods-Makestagram.release.xcconfig"; sourceTree = "<group>"; };
		9B958CD0505F1FC6E30F8C8F /* Pods-MakestagramTests.release.xcconfig */ = {isa = PBXFileReference; includeInIndex = 1; lastKnownFileType = text.xcconfig; name = "Pods-MakestagramTests.release.xcconfig"; path = "Pods/Target Support Files/Pods-MakestagramTests/Pods-MakestagramTests.release.xcconfig"; sourceTree = "<group>"; };
/* End PBXFileReference section */

/* Begin PBXFrameworksBuildPhase section */
		62C8C1DD1B06BD6500DC3EA7 /* Frameworks */ = {
			isa = PBXFrameworksBuildPhase;
			buildActionMask = 2147483647;
			files = (
				62A07D661B1F79F2001F6916 /* libstdc++.6.dylib in Frameworks */,
				62551BA21B06C373000913E4 /* libsqlite3.dylib in Frameworks */,
				62551BA01B06C35B000913E4 /* AudioToolbox.framework in Frameworks */,
				62551B9E1B06C354000913E4 /* MobileCoreServices.framework in Frameworks */,
				62551B9C1B06C327000913E4 /* SystemConfiguration.framework in Frameworks */,
				62551B9A1B06C31F000913E4 /* CoreLocation.framework in Frameworks */,
				62551B981B06C2FD000913E4 /* Accounts.framework in Frameworks */,
				62551B961B06C2F5000913E4 /* Social.framework in Frameworks */,
				4ABD67414894F7C6603B1382 /* Pods_Makestagram.framework in Frameworks */,
			);
			runOnlyForDeploymentPostprocessing = 0;
		};
		62C8C1F21B06BD6500DC3EA7 /* Frameworks */ = {
			isa = PBXFrameworksBuildPhase;
			buildActionMask = 2147483647;
			files = (
				EB3565565E1940C1DDEC521C /* Pods_MakestagramTests.framework in Frameworks */,
			);
			runOnlyForDeploymentPostprocessing = 0;
		};
/* End PBXFrameworksBuildPhase section */

/* Begin PBXGroup section */
		3206DF481D25860800DC1596 /* Views */ = {
			isa = PBXGroup;
			children = (
				3206DF491D25860800DC1596 /* FriendSearch */,
				3206DF4A1D25860800DC1596 /* Timeline */,
			);
			path = Views;
			sourceTree = "<group>";
		};
		3206DF491D25860800DC1596 /* FriendSearch */ = {
			isa = PBXGroup;
			children = (
				3206DF4E1D25868400DC1596 /* FriendSearchTableViewCell.swift */,
			);
			path = FriendSearch;
			sourceTree = "<group>";
		};
		3206DF4A1D25860800DC1596 /* Timeline */ = {
			isa = PBXGroup;
			children = (
				3206DF4B1D25860800DC1596 /* PostTableViewCell.swift */,
			);
			path = Timeline;
			sourceTree = "<group>";
		};
		320B04B51D22DABF00E686AB /* Makestagram */ = {
			isa = PBXGroup;
			children = (
				3206DF481D25860800DC1596 /* Views */,
				320B04E81D22DCF300E686AB /* Models */,
				320B04B61D22DABF00E686AB /* AppDelegate.swift */,
				320B04B71D22DABF00E686AB /* LaunchScreen.xib */,
				320B04B91D22DABF00E686AB /* Main.storyboard */,
				320B04BB1D22DABF00E686AB /* Helpers */,
				320B04BE1D22DABF00E686AB /* Images.xcassets */,
				320B04BF1D22DABF00E686AB /* Info.plist */,
				320B04C01D22DABF00E686AB /* Makestagram-Bridging-Header.h */,
				320B04C21D22DABF00E686AB /* PhotoTaking */,
				320B04C41D22DABF00E686AB /* ViewControllers */,
			);
			path = Makestagram;
			sourceTree = "<group>";
		};
		320B04BB1D22DABF00E686AB /* Helpers */ = {
			isa = PBXGroup;
			children = (
				320B04BC1D22DABF00E686AB /* ErrorHandling.swift */,
				320B04BD1D22DABF00E686AB /* ParseLoginHelper.swift */,
				320B050F1D23256500E686AB /* ParseHelper.swift */,
			);
			path = Helpers;
			sourceTree = "<group>";
		};
		320B04C21D22DABF00E686AB /* PhotoTaking */ = {
			isa = PBXGroup;
			children = (
				320B04C31D22DABF00E686AB /* PhotoTakingHelper.swift */,
			);
			path = PhotoTaking;
			sourceTree = "<group>";
		};
		320B04C41D22DABF00E686AB /* ViewControllers */ = {
			isa = PBXGroup;
			children = (
				320B04C51D22DABF00E686AB /* FilterViewController */,
				320B04D01D22DABF00E686AB /* FriendSearchViewController.swift */,
				320B04D11D22DABF00E686AB /* PhotoViewController.swift */,
				320B04D21D22DABF00E686AB /* TimelineViewController.swift */,
			);
			path = ViewControllers;
			sourceTree = "<group>";
		};
		320B04C51D22DABF00E686AB /* FilterViewController */ = {
			isa = PBXGroup;
			children = (
				320B04C61D22DABF00E686AB /* Filter.swift */,
				320B04C71D22DABF00E686AB /* FilterCollectionViewCell.swift */,
				320B04C81D22DABF00E686AB /* FilterCollectionViewCell.xib */,
				320B04C91D22DABF00E686AB /* FilterPreviewImages */,
				320B04CE1D22DABF00E686AB /* FilterViewController.swift */,
				320B04CF1D22DABF00E686AB /* FilterViewController.xib */,
			);
			path = FilterViewController;
			sourceTree = "<group>";
		};
		320B04C91D22DABF00E686AB /* FilterPreviewImages */ = {
			isa = PBXGroup;
			children = (
				320B04CA1D22DABF00E686AB /* filter_normal.png */,
				320B04CB1D22DABF00E686AB /* filter_sepia.png */,
				320B04CC1D22DABF00E686AB /* filter_vibrant.png */,
				320B04CD1D22DABF00E686AB /* filter_vignette.png */,
			);
			path = FilterPreviewImages;
			sourceTree = "<group>";
		};
		320B04E81D22DCF300E686AB /* Models */ = {
			isa = PBXGroup;
			children = (
				320B04E91D22DD5E00E686AB /* Post.swift */,
			);
			path = Models;
			sourceTree = "<group>";
		};
		62551B621B06BF33000913E4 /* Frameworks */ = {
			isa = PBXGroup;
			children = (
				62A07D651B1F79F2001F6916 /* libstdc++.6.dylib */,
				62551BA11B06C373000913E4 /* libsqlite3.dylib */,
				62551B9F1B06C35B000913E4 /* AudioToolbox.framework */,
				62551B9D1B06C354000913E4 /* MobileCoreServices.framework */,
				62551B9B1B06C327000913E4 /* SystemConfiguration.framework */,
				62551B991B06C31F000913E4 /* CoreLocation.framework */,
				62551B971B06C2FD000913E4 /* Accounts.framework */,
				62551B951B06C2F5000913E4 /* Social.framework */,
				25A7A32A604D20303EAB993B /* Pods_Makestagram.framework */,
				5D13A2988E8AC5E3E26F7F3F /* Pods_MakestagramTests.framework */,
			);
			name = Frameworks;
			sourceTree = "<group>";
		};
		62C8C1D71B06BD6500DC3EA7 = {
			isa = PBXGroup;
			children = (
				320B04B51D22DABF00E686AB /* Makestagram */,
				62551B621B06BF33000913E4 /* Frameworks */,
				62C8C1F81B06BD6500DC3EA7 /* MakestagramTests */,
				62C8C1E11B06BD6500DC3EA7 /* Products */,
				733A88D454119F30664D8470 /* Pods */,
			);
			sourceTree = "<group>";
		};
		62C8C1E11B06BD6500DC3EA7 /* Products */ = {
			isa = PBXGroup;
			children = (
				62C8C1E01B06BD6500DC3EA7 /* Makestagram.app */,
				62C8C1F51B06BD6500DC3EA7 /* MakestagramTests.xctest */,
			);
			name = Products;
			sourceTree = "<group>";
		};
		62C8C1F81B06BD6500DC3EA7 /* MakestagramTests */ = {
			isa = PBXGroup;
			children = (
				62C8C1FB1B06BD6500DC3EA7 /* MakestagramTests.swift */,
				62C8C1F91B06BD6500DC3EA7 /* Supporting Files */,
			);
			path = MakestagramTests;
			sourceTree = "<group>";
		};
		62C8C1F91B06BD6500DC3EA7 /* Supporting Files */ = {
			isa = PBXGroup;
			children = (
				62C8C1FA1B06BD6500DC3EA7 /* Info.plist */,
			);
			name = "Supporting Files";
			sourceTree = "<group>";
		};
		733A88D454119F30664D8470 /* Pods */ = {
			isa = PBXGroup;
			children = (
				7AB618C47569E59FEB8A867D /* Pods-Makestagram.debug.xcconfig */,
				81F4DA4F02FD557EB29E58B5 /* Pods-Makestagram.release.xcconfig */,
				1C0ACBB53BB6387D37030270 /* Pods-MakestagramTests.debug.xcconfig */,
				9B958CD0505F1FC6E30F8C8F /* Pods-MakestagramTests.release.xcconfig */,
			);
			name = Pods;
			sourceTree = "<group>";
		};
/* End PBXGroup section */

/* Begin PBXNativeTarget section */
		62C8C1DF1B06BD6500DC3EA7 /* Makestagram */ = {
			isa = PBXNativeTarget;
			buildConfigurationList = 62C8C1FF1B06BD6500DC3EA7 /* Build configuration list for PBXNativeTarget "Makestagram" */;
			buildPhases = (
				3C473FD0B0E099185A5C3D92 /* [CP] Check Pods Manifest.lock */,
				62C8C1DC1B06BD6500DC3EA7 /* Sources */,
				62C8C1DD1B06BD6500DC3EA7 /* Frameworks */,
				62C8C1DE1B06BD6500DC3EA7 /* Resources */,
				62A07D1C1B1E56C2001F6916 /* Embed Frameworks */,
				54FDAC4D8EB58982A07042EF /* [CP] Embed Pods Frameworks */,
				BE946906474F75D25EB5F381 /* [CP] Copy Pods Resources */,
			);
			buildRules = (
			);
			dependencies = (
			);
			name = Makestagram;
			productName = Makestagram;
			productReference = 62C8C1E01B06BD6500DC3EA7 /* Makestagram.app */;
			productType = "com.apple.product-type.application";
		};
		62C8C1F41B06BD6500DC3EA7 /* MakestagramTests */ = {
			isa = PBXNativeTarget;
			buildConfigurationList = 62C8C2021B06BD6500DC3EA7 /* Build configuration list for PBXNativeTarget "MakestagramTests" */;
			buildPhases = (
				C27397382EBE78738BFC22EF /* [CP] Check Pods Manifest.lock */,
				62C8C1F11B06BD6500DC3EA7 /* Sources */,
				62C8C1F21B06BD6500DC3EA7 /* Frameworks */,
				62C8C1F31B06BD6500DC3EA7 /* Resources */,
				6C0DCC4921256200B083D9D3 /* [CP] Embed Pods Frameworks */,
				4456FC759A5C2E9FF13CA336 /* [CP] Copy Pods Resources */,
			);
			buildRules = (
			);
			dependencies = (
				62C8C1F71B06BD6500DC3EA7 /* PBXTargetDependency */,
			);
			name = MakestagramTests;
			productName = MakestagramTests;
			productReference = 62C8C1F51B06BD6500DC3EA7 /* MakestagramTests.xctest */;
			productType = "com.apple.product-type.bundle.unit-test";
		};
/* End PBXNativeTarget section */

/* Begin PBXProject section */
		62C8C1D81B06BD6500DC3EA7 /* Project object */ = {
			isa = PBXProject;
			attributes = {
				LastSwiftMigration = 0700;
				LastSwiftUpdateCheck = 0700;
				LastUpgradeCheck = 0700;
				ORGANIZATIONNAME = "Make School";
				TargetAttributes = {
					62C8C1DF1B06BD6500DC3EA7 = {
						CreatedOnToolsVersion = 6.3;
						DevelopmentTeam = KF24937E72;
					};
					62C8C1F41B06BD6500DC3EA7 = {
						CreatedOnToolsVersion = 6.3;
						TestTargetID = 62C8C1DF1B06BD6500DC3EA7;
					};
				};
			};
			buildConfigurationList = 62C8C1DB1B06BD6500DC3EA7 /* Build configuration list for PBXProject "Makestagram" */;
			compatibilityVersion = "Xcode 3.2";
			developmentRegion = English;
			hasScannedForEncodings = 0;
			knownRegions = (
				en,
				Base,
			);
			mainGroup = 62C8C1D71B06BD6500DC3EA7;
			productRefGroup = 62C8C1E11B06BD6500DC3EA7 /* Products */;
			projectDirPath = "";
			projectRoot = "";
			targets = (
				62C8C1DF1B06BD6500DC3EA7 /* Makestagram */,
				62C8C1F41B06BD6500DC3EA7 /* MakestagramTests */,
			);
		};
/* End PBXProject section */

/* Begin PBXResourcesBuildPhase section */
		62C8C1DE1B06BD6500DC3EA7 /* Resources */ = {
			isa = PBXResourcesBuildPhase;
			buildActionMask = 2147483647;
			files = (
				320B04E31D22DABF00E686AB /* FilterViewController.xib in Resources */,
				320B04E01D22DABF00E686AB /* filter_vibrant.png in Resources */,
				320B04D91D22DABF00E686AB /* Info.plist in Resources */,
				320B04DD1D22DABF00E686AB /* FilterCollectionViewCell.xib in Resources */,
				320B04D81D22DABF00E686AB /* Images.xcassets in Resources */,
				320B04D41D22DABF00E686AB /* LaunchScreen.xib in Resources */,
				320B04E11D22DABF00E686AB /* filter_vignette.png in Resources */,
				320B04DE1D22DABF00E686AB /* filter_normal.png in Resources */,
				320B04DF1D22DABF00E686AB /* filter_sepia.png in Resources */,
				320B04D51D22DABF00E686AB /* Main.storyboard in Resources */,
			);
			runOnlyForDeploymentPostprocessing = 0;
		};
		62C8C1F31B06BD6500DC3EA7 /* Resources */ = {
			isa = PBXResourcesBuildPhase;
			buildActionMask = 2147483647;
			files = (
			);
			runOnlyForDeploymentPostprocessing = 0;
		};
/* End PBXResourcesBuildPhase section */

/* Begin PBXShellScriptBuildPhase section */
		3C473FD0B0E099185A5C3D92 /* [CP] Check Pods Manifest.lock */ = {
			isa = PBXShellScriptBuildPhase;
			buildActionMask = 2147483647;
			files = (
			);
			inputPaths = (
			);
			name = "[CP] Check Pods Manifest.lock";
			outputPaths = (
			);
			runOnlyForDeploymentPostprocessing = 0;
			shellPath = /bin/sh;
			shellScript = "diff \"${PODS_ROOT}/../Podfile.lock\" \"${PODS_ROOT}/Manifest.lock\" > /dev/null\nif [[ $? != 0 ]] ; then\n    cat << EOM\nerror: The sandbox is not in sync with the Podfile.lock. Run 'pod install' or update your CocoaPods installation.\nEOM\n    exit 1\nfi\n";
			showEnvVarsInLog = 0;
		};
		4456FC759A5C2E9FF13CA336 /* [CP] Copy Pods Resources */ = {
			isa = PBXShellScriptBuildPhase;
			buildActionMask = 2147483647;
			files = (
			);
			inputPaths = (
			);
			name = "[CP] Copy Pods Resources";
			outputPaths = (
			);
			runOnlyForDeploymentPostprocessing = 0;
			shellPath = /bin/sh;
			shellScript = "\"${SRCROOT}/Pods/Target Support Files/Pods-MakestagramTests/Pods-MakestagramTests-resources.sh\"\n";
			showEnvVarsInLog = 0;
		};
		54FDAC4D8EB58982A07042EF /* [CP] Embed Pods Frameworks */ = {
			isa = PBXShellScriptBuildPhase;
			buildActionMask = 2147483647;
			files = (
			);
			inputPaths = (
			);
			name = "[CP] Embed Pods Frameworks";
			outputPaths = (
			);
			runOnlyForDeploymentPostprocessing = 0;
			shellPath = /bin/sh;
			shellScript = "\"${SRCROOT}/Pods/Target Support Files/Pods-Makestagram/Pods-Makestagram-frameworks.sh\"\n";
			showEnvVarsInLog = 0;
		};
		6C0DCC4921256200B083D9D3 /* [CP] Embed Pods Frameworks */ = {
			isa = PBXShellScriptBuildPhase;
			buildActionMask = 2147483647;
			files = (
			);
			inputPaths = (
			);
			name = "[CP] Embed Pods Frameworks";
			outputPaths = (
			);
			runOnlyForDeploymentPostprocessing = 0;
			shellPath = /bin/sh;
			shellScript = "\"${SRCROOT}/Pods/Target Support Files/Pods-MakestagramTests/Pods-MakestagramTests-frameworks.sh\"\n";
			showEnvVarsInLog = 0;
		};
		BE946906474F75D25EB5F381 /* [CP] Copy Pods Resources */ = {
			isa = PBXShellScriptBuildPhase;
			buildActionMask = 2147483647;
			files = (
			);
			inputPaths = (
			);
			name = "[CP] Copy Pods Resources";
			outputPaths = (
			);
			runOnlyForDeploymentPostprocessing = 0;
			shellPath = /bin/sh;
			shellScript = "\"${SRCROOT}/Pods/Target Support Files/Pods-Makestagram/Pods-Makestagram-resources.sh\"\n";
			showEnvVarsInLog = 0;
		};
		C27397382EBE78738BFC22EF /* [CP] Check Pods Manifest.lock */ = {
			isa = PBXShellScriptBuildPhase;
			buildActionMask = 2147483647;
			files = (
			);
			inputPaths = (
			);
			name = "[CP] Check Pods Manifest.lock";
			outputPaths = (
			);
			runOnlyForDeploymentPostprocessing = 0;
			shellPath = /bin/sh;
			shellScript = "diff \"${PODS_ROOT}/../Podfile.lock\" \"${PODS_ROOT}/Manifest.lock\" > /dev/null\nif [[ $? != 0 ]] ; then\n    cat << EOM\nerror: The sandbox is not in sync with the Podfile.lock. Run 'pod install' or update your CocoaPods installation.\nEOM\n    exit 1\nfi\n";
			showEnvVarsInLog = 0;
		};
/* End PBXShellScriptBuildPhase section */

/* Begin PBXSourcesBuildPhase section */
		62C8C1DC1B06BD6500DC3EA7 /* Sources */ = {
			isa = PBXSourcesBuildPhase;
			buildActionMask = 2147483647;
			files = (
				320B04E41D22DABF00E686AB /* FriendSearchViewController.swift in Sources */,
				320B04EA1D22DD5E00E686AB /* Post.swift in Sources */,
				3206DF4C1D25860800DC1596 /* PostTableViewCell.swift in Sources */,
				320B04E21D22DABF00E686AB /* FilterViewController.swift in Sources */,
				320B04D31D22DABF00E686AB /* AppDelegate.swift in Sources */,
				320B04DB1D22DABF00E686AB /* Filter.swift in Sources */,
				320B04D71D22DABF00E686AB /* ParseLoginHelper.swift in Sources */,
				320B04E51D22DABF00E686AB /* PhotoViewController.swift in Sources */,
				320B04DA1D22DABF00E686AB /* PhotoTakingHelper.swift in Sources */,
				3206DF4F1D25868400DC1596 /* FriendSearchTableViewCell.swift in Sources */,
				320B04DC1D22DABF00E686AB /* FilterCollectionViewCell.swift in Sources */,
				320B04D61D22DABF00E686AB /* ErrorHandling.swift in Sources */,
				320B04E61D22DABF00E686AB /* TimelineViewController.swift in Sources */,
				320B05101D23256500E686AB /* ParseHelper.swift in Sources */,
			);
			runOnlyForDeploymentPostprocessing = 0;
		};
		62C8C1F11B06BD6500DC3EA7 /* Sources */ = {
			isa = PBXSourcesBuildPhase;
			buildActionMask = 2147483647;
			files = (
				62C8C1FC1B06BD6500DC3EA7 /* MakestagramTests.swift in Sources */,
			);
			runOnlyForDeploymentPostprocessing = 0;
		};
/* End PBXSourcesBuildPhase section */

/* Begin PBXTargetDependency section */
		62C8C1F71B06BD6500DC3EA7 /* PBXTargetDependency */ = {
			isa = PBXTargetDependency;
			target = 62C8C1DF1B06BD6500DC3EA7 /* Makestagram */;
			targetProxy = 62C8C1F61B06BD6500DC3EA7 /* PBXContainerItemProxy */;
		};
/* End PBXTargetDependency section */

/* Begin PBXVariantGroup section */
		320B04B71D22DABF00E686AB /* LaunchScreen.xib */ = {
			isa = PBXVariantGroup;
			children = (
				320B04B81D22DABF00E686AB /* Base */,
			);
			name = LaunchScreen.xib;
			sourceTree = "<group>";
		};
		320B04B91D22DABF00E686AB /* Main.storyboard */ = {
			isa = PBXVariantGroup;
			children = (
				320B04BA1D22DABF00E686AB /* Base */,
			);
			name = Main.storyboard;
			sourceTree = "<group>";
		};
/* End PBXVariantGroup section */

/* Begin XCBuildConfiguration section */
		62C8C1FD1B06BD6500DC3EA7 /* Debug */ = {
			isa = XCBuildConfiguration;
			buildSettings = {
				ALWAYS_SEARCH_USER_PATHS = NO;
				CLANG_CXX_LANGUAGE_STANDARD = "gnu++0x";
				CLANG_CXX_LIBRARY = "libc++";
				CLANG_ENABLE_MODULES = YES;
				CLANG_ENABLE_OBJC_ARC = YES;
				CLANG_WARN_BOOL_CONVERSION = YES;
				CLANG_WARN_CONSTANT_CONVERSION = YES;
				CLANG_WARN_DIRECT_OBJC_ISA_USAGE = YES_ERROR;
				CLANG_WARN_EMPTY_BODY = YES;
				CLANG_WARN_ENUM_CONVERSION = YES;
				CLANG_WARN_INT_CONVERSION = YES;
				CLANG_WARN_OBJC_ROOT_CLASS = YES_ERROR;
				CLANG_WARN_UNREACHABLE_CODE = YES;
				CLANG_WARN__DUPLICATE_METHOD_MATCH = YES;
				"CODE_SIGN_IDENTITY[sdk=iphoneos*]" = "iPhone Developer";
				COPY_PHASE_STRIP = NO;
				DEBUG_INFORMATION_FORMAT = "dwarf-with-dsym";
				ENABLE_STRICT_OBJC_MSGSEND = YES;
				ENABLE_TESTABILITY = YES;
				GCC_C_LANGUAGE_STANDARD = gnu99;
				GCC_DYNAMIC_NO_PIC = NO;
				GCC_NO_COMMON_BLOCKS = YES;
				GCC_OPTIMIZATION_LEVEL = 0;
				GCC_PREPROCESSOR_DEFINITIONS = (
					"DEBUG=1",
					"$(inherited)",
				);
				GCC_SYMBOLS_PRIVATE_EXTERN = NO;
				GCC_WARN_64_TO_32_BIT_CONVERSION = YES;
				GCC_WARN_ABOUT_RETURN_TYPE = YES_ERROR;
				GCC_WARN_UNDECLARED_SELECTOR = YES;
				GCC_WARN_UNINITIALIZED_AUTOS = YES_AGGRESSIVE;
				GCC_WARN_UNUSED_FUNCTION = YES;
				GCC_WARN_UNUSED_VARIABLE = YES;
				IPHONEOS_DEPLOYMENT_TARGET = 8.3;
				MTL_ENABLE_DEBUG_INFO = YES;
				ONLY_ACTIVE_ARCH = YES;
				SDKROOT = iphoneos;
				SWIFT_OPTIMIZATION_LEVEL = "-Onone";
				TARGETED_DEVICE_FAMILY = "1,2";
			};
			name = Debug;
		};
		62C8C1FE1B06BD6500DC3EA7 /* Release */ = {
			isa = XCBuildConfiguration;
			buildSettings = {
				ALWAYS_SEARCH_USER_PATHS = NO;
				CLANG_CXX_LANGUAGE_STANDARD = "gnu++0x";
				CLANG_CXX_LIBRARY = "libc++";
				CLANG_ENABLE_MODULES = YES;
				CLANG_ENABLE_OBJC_ARC = YES;
				CLANG_WARN_BOOL_CONVERSION = YES;
				CLANG_WARN_CONSTANT_CONVERSION = YES;
				CLANG_WARN_DIRECT_OBJC_ISA_USAGE = YES_ERROR;
				CLANG_WARN_EMPTY_BODY = YES;
				CLANG_WARN_ENUM_CONVERSION = YES;
				CLANG_WARN_INT_CONVERSION = YES;
				CLANG_WARN_OBJC_ROOT_CLASS = YES_ERROR;
				CLANG_WARN_UNREACHABLE_CODE = YES;
				CLANG_WARN__DUPLICATE_METHOD_MATCH = YES;
				"CODE_SIGN_IDENTITY[sdk=iphoneos*]" = "iPhone Developer";
				COPY_PHASE_STRIP = NO;
				DEBUG_INFORMATION_FORMAT = "dwarf-with-dsym";
				ENABLE_NS_ASSERTIONS = NO;
				ENABLE_STRICT_OBJC_MSGSEND = YES;
				GCC_C_LANGUAGE_STANDARD = gnu99;
				GCC_NO_COMMON_BLOCKS = YES;
				GCC_WARN_64_TO_32_BIT_CONVERSION = YES;
				GCC_WARN_ABOUT_RETURN_TYPE = YES_ERROR;
				GCC_WARN_UNDECLARED_SELECTOR = YES;
				GCC_WARN_UNINITIALIZED_AUTOS = YES_AGGRESSIVE;
				GCC_WARN_UNUSED_FUNCTION = YES;
				GCC_WARN_UNUSED_VARIABLE = YES;
				IPHONEOS_DEPLOYMENT_TARGET = 8.3;
				MTL_ENABLE_DEBUG_INFO = NO;
				SDKROOT = iphoneos;
				TARGETED_DEVICE_FAMILY = "1,2";
				VALIDATE_PRODUCT = YES;
			};
			name = Release;
		};
		62C8C2001B06BD6500DC3EA7 /* Debug */ = {
			isa = XCBuildConfiguration;
			baseConfigurationReference = 7AB618C47569E59FEB8A867D /* Pods-Makestagram.debug.xcconfig */;
			buildSettings = {
				ASSETCATALOG_COMPILER_APPICON_NAME = AppIcon;
				CLANG_ENABLE_MODULES = YES;
				CODE_SIGN_IDENTITY = "iPhone Developer";
				"CODE_SIGN_IDENTITY[sdk=iphoneos*]" = "iPhone Developer";
				EMBEDDED_CONTENT_CONTAINS_SWIFT = "$(inherited)";
				FRAMEWORK_SEARCH_PATHS = "$(inherited)";
				INFOPLIST_FILE = Makestagram/Info.plist;
				IPHONEOS_DEPLOYMENT_TARGET = 9.1;
				LD_RUNPATH_SEARCH_PATHS = "$(inherited) @executable_path/Frameworks";
				OTHER_LDFLAGS = "$(inherited)";
				PRODUCT_BUNDLE_IDENTIFIER = "Make-SchoolMWH.Makestagram";
				PRODUCT_NAME = "$(TARGET_NAME)";
				PROVISIONING_PROFILE = "";
				SWIFT_OBJC_BRIDGING_HEADER = "Makestagram/Makestagram-Bridging-Header.h";
				SWIFT_OPTIMIZATION_LEVEL = "-Onone";
			};
			name = Debug;
		};
		62C8C2011B06BD6500DC3EA7 /* Release */ = {
			isa = XCBuildConfiguration;
			baseConfigurationReference = 81F4DA4F02FD557EB29E58B5 /* Pods-Makestagram.release.xcconfig */;
			buildSettings = {
				ASSETCATALOG_COMPILER_APPICON_NAME = AppIcon;
				CLANG_ENABLE_MODULES = YES;
				CODE_SIGN_IDENTITY = "iPhone Developer";
				"CODE_SIGN_IDENTITY[sdk=iphoneos*]" = "iPhone Developer";
				EMBEDDED_CONTENT_CONTAINS_SWIFT = "$(inherited)";
				FRAMEWORK_SEARCH_PATHS = "$(inherited)";
				INFOPLIST_FILE = Makestagram/Info.plist;
				IPHONEOS_DEPLOYMENT_TARGET = 9.1;
				LD_RUNPATH_SEARCH_PATHS = "$(inherited) @executable_path/Frameworks";
				OTHER_LDFLAGS = "$(inherited)";
				PRODUCT_BUNDLE_IDENTIFIER = "Make-SchoolMWH.Makestagram";
				PRODUCT_NAME = "$(TARGET_NAME)";
				PROVISIONING_PROFILE = "";
				SWIFT_OBJC_BRIDGING_HEADER = "Makestagram/Makestagram-Bridging-Header.h";
			};
			name = Release;
		};
		62C8C2031B06BD6500DC3EA7 /* Debug */ = {
			isa = XCBuildConfiguration;
			baseConfigurationReference = 1C0ACBB53BB6387D37030270 /* Pods-MakestagramTests.debug.xcconfig */;
			buildSettings = {
				BUNDLE_LOADER = "$(TEST_HOST)";
				FRAMEWORK_SEARCH_PATHS = (
					"$(SDKROOT)/Developer/Library/Frameworks",
					"$(inherited)",
				);
				GCC_PREPROCESSOR_DEFINITIONS = (
					"DEBUG=1",
					"$(inherited)",
				);
				INFOPLIST_FILE = MakestagramTests/Info.plist;
				LD_RUNPATH_SEARCH_PATHS = "$(inherited) @executable_path/Frameworks @loader_path/Frameworks";
				PRODUCT_BUNDLE_IDENTIFIER = "Make-School.$(PRODUCT_NAME:rfc1034identifier)";
				PRODUCT_NAME = "$(TARGET_NAME)";
				TEST_HOST = "$(BUILT_PRODUCTS_DIR)/Makestagram.app/Makestagram";
			};
			name = Debug;
		};
		62C8C2041B06BD6500DC3EA7 /* Release */ = {
			isa = XCBuildConfiguration;
			baseConfigurationReference = 9B958CD0505F1FC6E30F8C8F /* Pods-MakestagramTests.release.xcconfig */;
			buildSettings = {
				BUNDLE_LOADER = "$(TEST_HOST)";
				FRAMEWORK_SEARCH_PATHS = (
					"$(SDKROOT)/Developer/Library/Frameworks",
					"$(inherited)",
				);
				INFOPLIST_FILE = MakestagramTests/Info.plist;
				LD_RUNPATH_SEARCH_PATHS = "$(inherited) @executable_path/Frameworks @loader_path/Frameworks";
				PRODUCT_BUNDLE_IDENTIFIER = "Make-School.$(PRODUCT_NAME:rfc1034identifier)";
				PRODUCT_NAME = "$(TARGET_NAME)";
				TEST_HOST = "$(BUILT_PRODUCTS_DIR)/Makestagram.app/Makestagram";
			};
			name = Release;
		};
/* End XCBuildConfiguration section */

/* Begin XCConfigurationList section */
		62C8C1DB1B06BD6500DC3EA7 /* Build configuration list for PBXProject "Makestagram" */ = {
			isa = XCConfigurationList;
			buildConfigurations = (
				62C8C1FD1B06BD6500DC3EA7 /* Debug */,
				62C8C1FE1B06BD6500DC3EA7 /* Release */,
			);
			defaultConfigurationIsVisible = 0;
			defaultConfigurationName = Release;
		};
		62C8C1FF1B06BD6500DC3EA7 /* Build configuration list for PBXNativeTarget "Makestagram" */ = {
			isa = XCConfigurationList;
			buildConfigurations = (
				62C8C2001B06BD6500DC3EA7 /* Debug */,
				62C8C2011B06BD6500DC3EA7 /* Release */,
			);
			defaultConfigurationIsVisible = 0;
			defaultConfigurationName = Release;
		};
		62C8C2021B06BD6500DC3EA7 /* Build configuration list for PBXNativeTarget "MakestagramTests" */ = {
			isa = XCConfigurationList;
			buildConfigurations = (
				62C8C2031B06BD6500DC3EA7 /* Debug */,
				62C8C2041B06BD6500DC3EA7 /* Release */,
			);
			defaultConfigurationIsVisible = 0;
			defaultConfigurationName = Release;
		};
/* End XCConfigurationList section */
	};
	rootObject = 62C8C1D81B06BD6500DC3EA7 /* Project object */;
}
